{
  "name": "@amplib/photography",
  "version": "0.1.1",
  "lockfileVersion": 3,
  "requires": true,
  "packages": {
    "": {
      "name": "@amplib/photography",
      "version": "0.1.1",
      "license": "Apache-2.0",
      "dependencies": {
        "@amplib/devices": "^0.2.0"
      }
    },
    "node_modules/@amplib/devices": {
      "version": "0.2.0",
      "resolved": "https://registry.npmjs.org/@amplib/devices/-/devices-0.2.0.tgz",
      "integrity": "sha512-anRz+XCmcwvl97l6ugloRwHN7hwowaEVd2vfvoNnnLDuNJZWPrqyGs8j8buAH61riDPFet9tFQGIXOSPUjSc7g=="
    }
  }
}
