{
  "name": "mindmeld",
  "version": "1.0.0",
  "lockfileVersion": 3,
  "requires": true,
  "packages": {
    "": {
      "name": "mindmeld",
      "version": "1.0.0",
      "license": "MIT",
      "dependencies": {
        "@ampl/lexicon": "file:../../dist/ampl-lexicon-0.0.0.tgz",
        "@ampl/procedural-generation": "file:../../dist/ampl-procedural-generation-0.0.0.tgz"
      }
    },
    "node_modules/@ampl/lexicon": {
      "version": "0.0.0",
      "resolved": "file:../../dist/ampl-lexicon-0.0.0.tgz",
      "integrity": "sha512-0BOybAAzEU5G2Ipa5BzNsojGh+tJuZE21t7jDjtV2ydx6t9SCABFbxUdMPDTs3K3HnQx69+Smh+k7blE+/uFvw==",
      "license": "MIT"
    },
    "node_modules/@ampl/procedural-generation": {
      "version": "0.0.0",
      "resolved": "file:../../dist/ampl-procedural-generation-0.0.0.tgz",
      "integrity": "sha512-5+AQJptLGDVcP4wvEwE6ojkAPdqOeBp/cp29a2HlelljjXBUsPOoFcLtuqsOY9WAjFw6Za26AXP8+TMQCF744A==",
      "license": "MIT"
    }
  }
}
