{
  "name": "@amplib/sound-synthesis",
  "version": "0.1.0",
  "lockfileVersion": 3,
  "requires": true,
  "packages": {
    "": {
      "name": "@amplib/sound-synthesis",
      "version": "0.1.0",
      "license": "Apache-2.0",
      "dependencies": {
        "@amplib/music-theory": "^0.1.0"
      }
    },
    "node_modules/@amplib/music-theory": {
      "version": "0.1.0",
      "resolved": "https://registry.npmjs.org/@amplib/music-theory/-/music-theory-0.1.0.tgz",
      "integrity": "sha512-tl0PkCIzzKBInBuE3Z8cAz7AIR4MWFX9paqJn4XULORWpZh599DiSbrw/nv2EvzE/+XVmwI+zNLzRuT0VGqvuw=="
    }
  }
}
