{
  "name": "sonic-pixels",
  "version": "1.0.0",
  "lockfileVersion": 3,
  "requires": true,
  "packages": {
    "": {
      "name": "sonic-pixels",
      "version": "1.0.0",
      "license": "MIT",
      "dependencies": {
        "@ampl/steganography": "file:../../dist/ampl-steganography-0.0.0.tgz"
      }
    },
    "node_modules/@ampl/steganography": {
      "version": "0.0.0",
      "resolved": "file:../../dist/ampl-steganography-0.0.0.tgz",
      "integrity": "sha512-WBYKH3Xr5pudMcYJWe9aE7dh5jsjy/gEt4zKN2OZxtImnceQwCtDLNiso9zp0s1dUx1BFkn+lnF4e/KD83ENvQ==",
      "license": "MIT"
    }
  }
}
